// !$*UTF8*$!
{
	archiveVersion = 1;
	classes = {
	};
	objectVersion = 50;
	objects = {

/* Begin PBXBuildFile section */
		099BD47D20811CE40083937F /* AppDelegate.swift in Sources */ = {isa = PBXBuildFile; fileRef = 099BD47C20811CE40083937F /* AppDelegate.swift */; };
		099BD47F20811CE50083937F /* ViewController.swift in Sources */ = {isa = PBXBuildFile; fileRef = 099BD47E20811CE50083937F /* ViewController.swift */; };
		099BD48120811CE70083937F /* Assets.xcassets in Resources */ = {isa = PBXBuildFile; fileRef = 099BD48020811CE70083937F /* Assets.xcassets */; };
		099BD48420811CE70083937F /* Main.storyboard in Resources */ = {isa = PBXBuildFile; fileRef = 099BD48220811CE70083937F /* Main.storyboard */; };
		099BD4A9208121540083937F /* SoundPlayer.swift in Sources */ = {isa = PBXBuildFile; fileRef = 099BD4A8208121540083937F /* SoundPlayer.swift */; };
		099BD4AB20812AD50083937F /* silence.mp3 in Resources */ = {isa = PBXBuildFile; fileRef = 099BD4AA20812AD40083937F /* silence.mp3 */; };
		09FFC3D720B04107002A0D6B /* README.md in Resources */ = {isa = PBXBuildFile; fileRef = 09FFC3D520B04107002A0D6B /* README.md */; };
		09FFC3D820B04107002A0D6B /* LICENSE.txt in Resources */ = {isa = PBXBuildFile; fileRef = 09FFC3D620B04107002A0D6B /* LICENSE.txt */; };
/* End PBXBuildFile section */

/* Begin PBXFileReference section */
		099BD47920811CE40083937F /* SilencePlayer.app */ = {isa = PBXFileReference; explicitFileType = wrapper.application; includeInIndex = 0; path = SilencePlayer.app; sourceTree = BUILT_PRODUCTS_DIR; };
		099BD47C20811CE40083937F /* AppDelegate.swift */ = {isa = PBXFileReference; lastKnownFileType = sourcecode.swift; path = AppDelegate.swift; sourceTree = "<group>"; };
		099BD47E20811CE50083937F /* ViewController.swift */ = {isa = PBXFileReference; lastKnownFileType = sourcecode.swift; path = ViewController.swift; sourceTree = "<group>"; };
		099BD48020811CE70083937F /* Assets.xcassets */ = {isa = PBXFileReference; lastKnownFileType = folder.assetcatalog; path = Assets.xcassets; sourceTree = "<group>"; };
		099BD48320811CE70083937F /* Base */ = {isa = PBXFileReference; lastKnownFileType = file.storyboard; name = Base; path = Base.lproj/Main.storyboard; sourceTree = "<group>"; };
		099BD48520811CE70083937F /* Info.plist */ = {isa = PBXFileReference; lastKnownFileType = text.plist.xml; path = Info.plist; sourceTree = "<group>"; };
		099BD48620811CE70083937F /* SilencePlayer.entitlements */ = {isa = PBXFileReference; lastKnownFileType = text.plist.entitlements; path = SilencePlayer.entitlements; sourceTree = "<group>"; };
		099BD4A8208121540083937F /* SoundPlayer.swift */ = {isa = PBXFileReference; lastKnownFileType = sourcecode.swift; path = SoundPlayer.swift; sourceTree = "<group>"; };
		099BD4AA20812AD40083937F /* silence.mp3 */ = {isa = PBXFileReference; lastKnownFileType = audio.mp3; path = silence.mp3; sourceTree = "<group>"; };
		09FFC3D520B04107002A0D6B /* README.md */ = {isa = PBXFileReference; fileEncoding = 4; lastKnownFileType = net.daringfireball.markdown; path = README.md; sourceTree = "<group>"; };
		09FFC3D620B04107002A0D6B /* LICENSE.txt */ = {isa = PBXFileReference; fileEncoding = 4; lastKnownFileType = text; path = LICENSE.txt; sourceTree = "<group>"; };
/* End PBXFileReference section */

/* Begin PBXFrameworksBuildPhase section */
		099BD47620811CE40083937F /* Frameworks */ = {
			isa = PBXFrameworksBuildPhase;
			buildActionMask = 2147483647;
			files = (
			);
			runOnlyForDeploymentPostprocessing = 0;
		};
/* End PBXFrameworksBuildPhase section */

/* Begin PBXGroup section */
		099BD47020811CE40083937F = {
			isa = PBXGroup;
			children = (
				09FFC3D620B04107002A0D6B /* LICENSE.txt */,
				09FFC3D520B04107002A0D6B /* README.md */,
				099BD4AA20812AD40083937F /* silence.mp3 */,
				099BD47B20811CE40083937F /* SilencePlayer */,
				099BD47A20811CE40083937F /* Products */,
			);
			sourceTree = "<group>";
		};
		099BD47A20811CE40083937F /* Products */ = {
			isa = PBXGroup;
			children = (
				099BD47920811CE40083937F /* SilencePlayer.app */,
			);
			name = Products;
			sourceTree = "<group>";
		};
		099BD47B20811CE40083937F /* SilencePlayer */ = {
			isa = PBXGroup;
			children = (
				099BD47C20811CE40083937F /* AppDelegate.swift */,
				099BD47E20811CE50083937F /* ViewController.swift */,
				099BD48020811CE70083937F /* Assets.xcassets */,
				099BD48220811CE70083937F /* Main.storyboard */,
				099BD48520811CE70083937F /* Info.plist */,
				099BD48620811CE70083937F /* SilencePlayer.entitlements */,
				099BD4A8208121540083937F /* SoundPlayer.swift */,
			);
			path = SilencePlayer;
			sourceTree = "<group>";
		};
/* End PBXGroup section */

/* Begin PBXNativeTarget section */
		099BD47820811CE40083937F /* SilencePlayer */ = {
			isa = PBXNativeTarget;
			buildConfigurationList = 099BD49F20811CE70083937F /* Build configuration list for PBXNativeTarget "SilencePlayer" */;
			buildPhases = (
				099BD47520811CE40083937F /* Sources */,
				099BD47620811CE40083937F /* Frameworks */,
				099BD47720811CE40083937F /* Resources */,
			);
			buildRules = (
			);
			dependencies = (
			);
			name = SilencePlayer;
			productName = SilencePlayer;
			productReference = 099BD47920811CE40083937F /* SilencePlayer.app */;
			productType = "com.apple.product-type.application";
		};
/* End PBXNativeTarget section */

/* Begin PBXProject section */
		099BD47120811CE40083937F /* Project object */ = {
			isa = PBXProject;
			attributes = {
				LastSwiftUpdateCheck = 0930;
				LastUpgradeCheck = 0930;
				ORGANIZATIONNAME = "Vidar Tysse";
				TargetAttributes = {
					099BD47820811CE40083937F = {
						CreatedOnToolsVersion = 9.3;
					};
				};
			};
			buildConfigurationList = 099BD47420811CE40083937F /* Build configuration list for PBXProject "SilencePlayer" */;
			compatibilityVersion = "Xcode 9.3";
			developmentRegion = en;
			hasScannedForEncodings = 0;
			knownRegions = (
				en,
				Base,
			);
			mainGroup = 099BD47020811CE40083937F;
			productRefGroup = 099BD47A20811CE40083937F /* Products */;
			projectDirPath = "";
			projectRoot = "";
			targets = (
				099BD47820811CE40083937F /* SilencePlayer */,
			);
		};
/* End PBXProject section */

/* Begin PBXResourcesBuildPhase section */
		099BD47720811CE40083937F /* Resources */ = {
			isa = PBXResourcesBuildPhase;
			buildActionMask = 2147483647;
			files = (
				099BD4AB20812AD50083937F /* silence.mp3 in Resources */,
				099BD48120811CE70083937F /* Assets.xcassets in Resources */,
				09FFC3D720B04107002A0D6B /* README.md in Resources */,
				09FFC3D820B04107002A0D6B /* LICENSE.txt in Resources */,
				099BD48420811CE70083937F /* Main.storyboard in Resources */,
			);
			runOnlyForDeploymentPostprocessing = 0;
		};
/* End PBXResourcesBuildPhase section */

/* Begin PBXSourcesBuildPhase section */
		099BD47520811CE40083937F /* Sources */ = {
			isa = PBXSourcesBuildPhase;
			buildActionMask = 2147483647;
			files = (
				099BD47F20811CE50083937F /* ViewController.swift in Sources */,
				099BD4A9208121540083937F /* SoundPlayer.swift in Sources */,
				099BD47D20811CE40083937F /* AppDelegate.swift in Sources */,
			);
			runOnlyForDeploymentPostprocessing = 0;
		};
/* End PBXSourcesBuildPhase section */

/* Begin PBXVariantGroup section */
		099BD48220811CE70083937F /* Main.storyboard */ = {
			isa = PBXVariantGroup;
			children = (
				099BD48320811CE70083937F /* Base */,
			);
			name = Main.storyboard;
			sourceTree = "<group>";
		};
/* End PBXVariantGroup section */

/* Begin XCBuildConfiguration section */
		099BD49D20811CE70083937F /* Debug */ = {
			isa = XCBuildConfiguration;
			buildSettings = {
				ALWAYS_SEARCH_USER_PATHS = NO;
				CLANG_ANALYZER_NONNULL = YES;
				CLANG_ANALYZER_NUMBER_OBJECT_CONVERSION = YES_AGGRESSIVE;
				CLANG_CXX_LANGUAGE_STANDARD = "gnu++14";
				CLANG_CXX_LIBRARY = "libc++";
				CLANG_ENABLE_MODULES = YES;
				CLANG_ENABLE_OBJC_ARC = YES;
				CLANG_ENABLE_OBJC_WEAK = YES;
				CLANG_WARN_BLOCK_CAPTURE_AUTORELEASING = YES;
				CLANG_WARN_BOOL_CONVERSION = YES;
				CLANG_WARN_COMMA = YES;
				CLANG_WARN_CONSTANT_CONVERSION = YES;
				CLANG_WARN_DEPRECATED_OBJC_IMPLEMENTATIONS = YES;
				CLANG_WARN_DIRECT_OBJC_ISA_USAGE = YES_ERROR;
				CLANG_WARN_DOCUMENTATION_COMMENTS = YES;
				CLANG_WARN_EMPTY_BODY = YES;
				CLANG_WARN_ENUM_CONVERSION = YES;
				CLANG_WARN_INFINITE_RECURSION = YES;
				CLANG_WARN_INT_CONVERSION = YES;
				CLANG_WARN_NON_LITERAL_NULL_CONVERSION = YES;
				CLANG_WARN_OBJC_IMPLICIT_RETAIN_SELF = YES;
				CLANG_WARN_OBJC_LITERAL_CONVERSION = YES;
				CLANG_WARN_OBJC_ROOT_CLASS = YES_ERROR;
				CLANG_WARN_RANGE_LOOP_ANALYSIS = YES;
				CLANG_WARN_STRICT_PROTOTYPES = YES;
				CLANG_WARN_SUSPICIOUS_MOVE = YES;
				CLANG_WARN_UNGUARDED_AVAILABILITY = YES_AGGRESSIVE;
				CLANG_WARN_UNREACHABLE_CODE = YES;
				CLANG_WARN__DUPLICATE_METHOD_MATCH = YES;
				CODE_SIGN_IDENTITY = "-";
				COPY_PHASE_STRIP = NO;
				DEBUG_INFORMATION_FORMAT = dwarf;
				ENABLE_STRICT_OBJC_MSGSEND = YES;
				ENABLE_TESTABILITY = YES;
				GCC_C_LANGUAGE_STANDARD = gnu11;
				GCC_DYNAMIC_NO_PIC = NO;
				GCC_NO_COMMON_BLOCKS = YES;
				GCC_OPTIMIZATION_LEVEL = 0;
				GCC_PREPROCESSOR_DEFINITIONS = (
					"DEBUG=1",
					"$(inherited)",
				);
				GCC_WARN_64_TO_32_BIT_CONVERSION = YES;
				GCC_WARN_ABOUT_RETURN_TYPE = YES_ERROR;
				GCC_WARN_UNDECLARED_SELECTOR = YES;
				GCC_WARN_UNINITIALIZED_AUTOS = YES_AGGRESSIVE;
				GCC_WARN_UNUSED_FUNCTION = YES;
				GCC_WARN_UNUSED_VARIABLE = YES;
				MACOSX_DEPLOYMENT_TARGET = 10.10;
				MTL_ENABLE_DEBUG_INFO = YES;
				ONLY_ACTIVE_ARCH = YES;
				SDKROOT = macosx;
				SWIFT_ACTIVE_COMPILATION_CONDITIONS = DEBUG;
				SWIFT_OPTIMIZATION_LEVEL = "-Onone";
			};
			name = Debug;
		};
		099BD49E20811CE70083937F /* Release */ = {
			isa = XCBuildConfiguration;
			buildSettings = {
				ALWAYS_SEARCH_USER_PATHS = NO;
				CLANG_ANALYZER_NONNULL = YES;
				CLANG_ANALYZER_NUMBER_OBJECT_CONVERSION = YES_AGGRESSIVE;
				CLANG_CXX_LANGUAGE_STANDARD = "gnu++14";
				CLANG_CXX_LIBRARY = "libc++";
				CLANG_ENABLE_MODULES = YES;
				CLANG_ENABLE_OBJC_ARC = YES;
				CLANG_ENABLE_OBJC_WEAK = YES;
				CLANG_WARN_BLOCK_CAPTURE_AUTORELEASING = YES;
				CLANG_WARN_BOOL_CONVERSION = YES;
				CLANG_WARN_COMMA = YES;
				CLANG_WARN_CONSTANT_CONVERSION = YES;
				CLANG_WARN_DEPRECATED_OBJC_IMPLEMENTATIONS = YES;
				CLANG_WARN_DIRECT_OBJC_ISA_USAGE = YES_ERROR;
				CLANG_WARN_DOCUMENTATION_COMMENTS = YES;
				CLANG_WARN_EMPTY_BODY = YES;
				CLANG_WARN_ENUM_CONVERSION = YES;
				CLANG_WARN_INFINITE_RECURSION = YES;
				CLANG_WARN_INT_CONVERSION = YES;
				CLANG_WARN_NON_LITERAL_NULL_CONVERSION = YES;
				CLANG_WARN_OBJC_IMPLICIT_RETAIN_SELF = YES;
				CLANG_WARN_OBJC_LITERAL_CONVERSION = YES;
				CLANG_WARN_OBJC_ROOT_CLASS = YES_ERROR;
				CLANG_WARN_RANGE_LOOP_ANALYSIS = YES;
				CLANG_WARN_STRICT_PROTOTYPES = YES;
				CLANG_WARN_SUSPICIOUS_MOVE = YES;
				CLANG_WARN_UNGUARDED_AVAILABILITY = YES_AGGRESSIVE;
				CLANG_WARN_UNREACHABLE_CODE = YES;
				CLANG_WARN__DUPLICATE_METHOD_MATCH = YES;
				CODE_SIGN_IDENTITY = "-";
				COPY_PHASE_STRIP = NO;
				DEBUG_INFORMATION_FORMAT = "dwarf-with-dsym";
				ENABLE_NS_ASSERTIONS = NO;
				ENABLE_STRICT_OBJC_MSGSEND = YES;
				GCC_C_LANGUAGE_STANDARD = gnu11;
				GCC_NO_COMMON_BLOCKS = YES;
				GCC_WARN_64_TO_32_BIT_CONVERSION = YES;
				GCC_WARN_ABOUT_RETURN_TYPE = YES_ERROR;
				GCC_WARN_UNDECLARED_SELECTOR = YES;
				GCC_WARN_UNINITIALIZED_AUTOS = YES_AGGRESSIVE;
				GCC_WARN_UNUSED_FUNCTION = YES;
				GCC_WARN_UNUSED_VARIABLE = YES;
				MACOSX_DEPLOYMENT_TARGET = 10.10;
				MTL_ENABLE_DEBUG_INFO = NO;
				SDKROOT = macosx;
				SWIFT_COMPILATION_MODE = wholemodule;
				SWIFT_OPTIMIZATION_LEVEL = "-O";
			};
			name = Release;
		};
		099BD4A020811CE70083937F /* Debug */ = {
			isa = XCBuildConfiguration;
			buildSettings = {
				ASSETCATALOG_COMPILER_APPICON_NAME = AppIcon;
				CODE_SIGN_ENTITLEMENTS = SilencePlayer/SilencePlayer.entitlements;
				CODE_SIGN_STYLE = Automatic;
				COMBINE_HIDPI_IMAGES = YES;
				INFOPLIST_FILE = SilencePlayer/Info.plist;
				LD_RUNPATH_SEARCH_PATHS = (
					"$(inherited)",
					"@executable_path/../Frameworks",
				);
				PRODUCT_BUNDLE_IDENTIFIER = net.vidartysse.SilencePlayer;
				PRODUCT_NAME = "$(TARGET_NAME)";
				SWIFT_VERSION = 4.0;
			};
			name = Debug;
		};
		099BD4A120811CE70083937F /* Release */ = {
			isa = XCBuildConfiguration;
			buildSettings = {
				ASSETCATALOG_COMPILER_APPICON_NAME = AppIcon;
				CODE_SIGN_ENTITLEMENTS = SilencePlayer/SilencePlayer.entitlements;
				CODE_SIGN_STYLE = Automatic;
				COMBINE_HIDPI_IMAGES = YES;
				INFOPLIST_FILE = SilencePlayer/Info.plist;
				LD_RUNPATH_SEARCH_PATHS = (
					"$(inherited)",
					"@executable_path/../Frameworks",
				);
				PRODUCT_BUNDLE_IDENTIFIER = net.vidartysse.SilencePlayer;
				PRODUCT_NAME = "$(TARGET_NAME)";
				SWIFT_VERSION = 4.0;
			};
			name = Release;
		};
/* End XCBuildConfiguration section */

/* Begin XCConfigurationList section */
		099BD47420811CE40083937F /* Build configuration list for PBXProject "SilencePlayer" */ = {
			isa = XCConfigurationList;
			buildConfigurations = (
				099BD49D20811CE70083937F /* Debug */,
				099BD49E20811CE70083937F /* Release */,
			);
			defaultConfigurationIsVisible = 0;
			defaultConfigurationName = Release;
		};
		099BD49F20811CE70083937F /* Build configuration list for PBXNativeTarget "SilencePlayer" */ = {
			isa = XCConfigurationList;
			buildConfigurations = (
				099BD4A020811CE70083937F /* Debug */,
				099BD4A120811CE70083937F /* Release */,
			);
			defaultConfigurationIsVisible = 0;
			defaultConfigurationName = Release;
		};
/* End XCConfigurationList section */
	};
	rootObject = 099BD47120811CE40083937F /* Project object */;
}
